
Microsoft Visual Studio Solution File, Format Version 12.00
# Visual Studio Version 17
VisualStudioVersion = 17.0.31903.59
MinimumVisualStudioVersion = 10.0.40219.1
Project("{FAE04EC0-301F-11D3-BF4B-00C04F79EFBC}") = "NorthWind", "NorthWind\NorthWind.csproj", "{56D0C878-919D-4F5B-95D2-4DECD7A4CDB5}"
EndProject
Global
	GlobalSection(SolutionConfigurationPlatforms) = preSolution
		Debug|Any CPU = Debug|Any CPU
		Release|Any CPU = Release|Any CPU
	EndGlobalSection
	GlobalSection(ProjectConfigurationPlatforms) = postSolution
		{56D0C878-919D-4F5B-95D2-4DECD7A4CDB5}.Debug|Any CPU.ActiveCfg = Debug|Any CPU
		{56D0C878-919D-4F5B-95D2-4DECD7A4CDB5}.Debug|Any CPU.Build.0 = Debug|Any CPU
		{56D0C878-919D-4F5B-95D2-4DECD7A4CDB5}.Release|Any CPU.ActiveCfg = Release|Any CPU
		{56D0C878-919D-4F5B-95D2-4DECD7A4CDB5}.Release|Any CPU.Build.0 = Release|Any CPU
	EndGlobalSection
	GlobalSection(SolutionProperties) = preSolution
		HideSolutionNode = FALSE
	EndGlobalSection
	GlobalSection(ExtensibilityGlobals) = postSolution
		SolutionGuid = {4169F555-5016-40F0-9D53-8076EB0DCACE}
	EndGlobalSection
EndGlobal
